{
  "name": "renkon-node",
  "version": "0.1.1",
  "lockfileVersion": 3,
  "requires": true,
  "packages": {
    "": {
      "name": "renkon-node",
      "version": "0.1.1",
      "license": "MIT",
      "dependencies": {
        "renkon": "file:../renkon2"
      }
    },
    "../renkon2": {
      "version": "0.1.1",
      "license": "MIT",
      "dependencies": {
        "@observablehq/inspector": "^5.0.1",
        "acorn": "^8.11.3",
        "acorn-jsx": "^5.3.2",
        "acorn-walk": "^8.3.2",
        "codemirror": "^6.0.1"
      },
      "devDependencies": {
        "@typescript-eslint/eslint-plugin": "^7.11.0",
        "@typescript-eslint/parser": "^7.11.0",
        "npm-run-all": "^4.1.5",
        "typescript": "^5.2.2",
        "vite": "^5.2.0"
      }
    },
    "node_modules/renkon": {
      "resolved": "../renkon2",
      "link": true
    }
  }
}
